
Microsoft Visual Studio Solution File, Format Version 12.00
# Visual Studio Version 17
VisualStudioVersion = 17.7.34003.232
MinimumVisualStudioVersion = 10.0.40219.1
Project("{FAE04EC0-301F-11D3-BF4B-00C04F79EFBC}") = "MvcCV", "MvcCV\MvcCV.csproj", "{91E89F19-9990-41D6-AE0F-0CDB4BFE0408}"
EndProject
Global
	GlobalSection(SolutionConfigurationPlatforms) = preSolution
		Debug|Any CPU = Debug|Any CPU
		Release|Any CPU = Release|Any CPU
	EndGlobalSection
	GlobalSection(ProjectConfigurationPlatforms) = postSolution
		{91E89F19-9990-41D6-AE0F-0CDB4BFE0408}.Debug|Any CPU.ActiveCfg = Debug|Any CPU
		{91E89F19-9990-41D6-AE0F-0CDB4BFE0408}.Debug|Any CPU.Build.0 = Debug|Any CPU
		{91E89F19-9990-41D6-AE0F-0CDB4BFE0408}.Release|Any CPU.ActiveCfg = Release|Any CPU
		{91E89F19-9990-41D6-AE0F-0CDB4BFE0408}.Release|Any CPU.Build.0 = Release|Any CPU
	EndGlobalSection
	GlobalSection(SolutionProperties) = preSolution
		HideSolutionNode = FALSE
	EndGlobalSection
	GlobalSection(ExtensibilityGlobals) = postSolution
		SolutionGuid = {906CD902-2DAF-43B1-B596-AE42F994D10D}
	EndGlobalSection
EndGlobal
